<?xml version="1.0" encoding="utf-8"?>
<Project ToolsVersion="4.0" xmlns="http://schemas.microsoft.com/developer/msbuild/2003">
  <ItemGroup>
    <Filter Include="Source Files">
      <UniqueIdentifier>{4FC737F1-C7A5-4376-A066-2A32D752A2FF}</UniqueIdentifier>
      <Extensions>cpp;c;cc;cxx;def;odl;idl;hpj;bat;asm;asmx</Extensions>
    </Filter>
    <Filter Include="Header Files">
      <UniqueIdentifier>{93995380-89BD-4b04-88EB-625FBE52EBFB}</UniqueIdentifier>
      <Extensions>h;hh;hpp;hxx;hm;inl;inc;xsd</Extensions>
    </Filter>
    <Filter Include="Resource Files">
      <UniqueIdentifier>{67DA6AB6-F800-4c08-8B7A-83BB121AAD01}</UniqueIdentifier>
      <Extensions>rc;ico;cur;bmp;dlg;rc2;rct;bin;rgs;gif;jpg;jpeg;jpe;resx;tiff;tif;png;wav;mfcribbon-ms</Extensions>
    </Filter>
    <Filter Include="Header Files\external">
      <UniqueIdentifier>{7ca11b0c-85c1-4161-af5d-bd27e91a9df9}</UniqueIdentifier>
    </Filter>
    <Filter Include="Source Files\external">
      <UniqueIdentifier>{5dae8a60-3eeb-4b0f-af76-5fd58a12ebff}</UniqueIdentifier>
    </Filter>
    <Filter Include="Header Files\event">
      <UniqueIdentifier>{1dac169d-de19-4c1b-baf0-e79bc1e56e05}</UniqueIdentifier>
    </Filter>
    <Filter Include="Header Files\api">
      <UniqueIdentifier>{88cc0121-530d-426d-a007-0b2847167b49}</UniqueIdentifier>
    </Filter>
    <Filter Include="Source Files\event">
      <UniqueIdentifier>{f3f56640-a096-4868-84f0-8dde544a5387}</UniqueIdentifier>
    </Filter>
    <Filter Include="Source Files\api">
      <UniqueIdentifier>{e3b95dc4-c1df-4e25-8e00-29d5f6d1531c}</UniqueIdentifier>
    </Filter>
  </ItemGroup>
  <ItemGroup>
    <None Include="packages.config" />
  </ItemGroup>
  <ItemGroup>
    <ClInclude Include="include\api.h">
      <Filter>Header Files</Filter>
    </ClInclude>
    <ClInclude Include="include\bot.h">
      <Filter>Header Files</Filter>
    </ClInclude>
    <ClInclude Include="include\gateway.h">
      <Filter>Header Files</Filter>
    </ClInclude>
    <ClInclude Include="include\snowflake.h">
      <Filter>Header Files</Filter>
    </ClInclude>
    <ClInclude Include="include\easylogging++.h">
      <Filter>Header Files\external</Filter>
    </ClInclude>
    <ClInclude Include="include\common.h">
      <Filter>Header Files</Filter>
    </ClInclude>
    <ClInclude Include="include\channel.h">
      <Filter>Header Files</Filter>
    </ClInclude>
    <ClInclude Include="include\guild.h">
      <Filter>Header Files</Filter>
    </ClInclude>
    <ClInclude Include="include\user.h">
      <Filter>Header Files</Filter>
    </ClInclude>
    <ClInclude Include="include\identifiable.h">
      <Filter>Header Files</Filter>
    </ClInclude>
    <ClInclude Include="include\event\general.h">
      <Filter>Header Files\event</Filter>
    </ClInclude>
    <ClInclude Include="include\event\message_event.h">
      <Filter>Header Files\event</Filter>
    </ClInclude>
    <ClInclude Include="include\event\guild_event.h">
      <Filter>Header Files\event</Filter>
    </ClInclude>
    <ClInclude Include="include\role.h">
      <Filter>Header Files</Filter>
    </ClInclude>
    <ClInclude Include="include\member.h">
      <Filter>Header Files</Filter>
    </ClInclude>
    <ClInclude Include="include\discord.h">
      <Filter>Header Files</Filter>
    </ClInclude>
    <ClInclude Include="include\permission.h">
      <Filter>Header Files</Filter>
    </ClInclude>
    <ClInclude Include="include\voice.h">
      <Filter>Header Files</Filter>
    </ClInclude>
    <ClInclude Include="include\message.h">
      <Filter>Header Files</Filter>
    </ClInclude>
    <ClInclude Include="include\discord_exception.h">
      <Filter>Header Files</Filter>
    </ClInclude>
    <ClInclude Include="include\connection_state.h">
      <Filter>Header Files</Filter>
    </ClInclude>
    <ClInclude Include="include\connection_object.h">
      <Filter>Header Files</Filter>
    </ClInclude>
    <ClInclude Include="include\emoji.h">
      <Filter>Header Files</Filter>
    </ClInclude>
    <ClInclude Include="include\api\channel_api.h">
      <Filter>Header Files\api</Filter>
    </ClInclude>
    <ClInclude Include="include\embed.h">
      <Filter>Header Files</Filter>
    </ClInclude>
  </ItemGroup>
  <ItemGroup>
    <ClCompile Include="src\api.cpp">
      <Filter>Source Files</Filter>
    </ClCompile>
    <ClCompile Include="src\bot.cpp">
      <Filter>Source Files</Filter>
    </ClCompile>
    <ClCompile Include="src\gateway.cpp">
      <Filter>Source Files</Filter>
    </ClCompile>
    <ClCompile Include="src\easylogging++.cpp">
      <Filter>Source Files\external</Filter>
    </ClCompile>
    <ClCompile Include="src\common.cpp">
      <Filter>Source Files</Filter>
    </ClCompile>
    <ClCompile Include="src\channel.cpp">
      <Filter>Source Files</Filter>
    </ClCompile>
    <ClCompile Include="src\guild.cpp">
      <Filter>Source Files</Filter>
    </ClCompile>
    <ClCompile Include="src\user.cpp">
      <Filter>Source Files</Filter>
    </ClCompile>
    <ClCompile Include="src\permission.cpp">
      <Filter>Source Files</Filter>
    </ClCompile>
    <ClCompile Include="src\emoji.cpp">
      <Filter>Source Files</Filter>
    </ClCompile>
    <ClCompile Include="src\message.cpp">
      <Filter>Source Files</Filter>
    </ClCompile>
    <ClCompile Include="src\event\message_event.cpp">
      <Filter>Source Files\event</Filter>
    </ClCompile>
    <ClCompile Include="src\member.cpp">
      <Filter>Source Files</Filter>
    </ClCompile>
    <ClCompile Include="src\role.cpp">
      <Filter>Source Files</Filter>
    </ClCompile>
    <ClCompile Include="src\voice.cpp">
      <Filter>Source Files</Filter>
    </ClCompile>
    <ClCompile Include="src\connection_state.cpp">
      <Filter>Source Files</Filter>
    </ClCompile>
    <ClCompile Include="src\connection_object.cpp">
      <Filter>Source Files</Filter>
    </ClCompile>
    <ClCompile Include="src\embed.cpp">
      <Filter>Source Files</Filter>
    </ClCompile>
    <ClCompile Include="src\api\channel_api.cpp">
      <Filter>Source Files\api</Filter>
    </ClCompile>
  </ItemGroup>
</Project>